// !$*UTF8*$!
{
	archiveVersion = 1;
	classes = {
	};
	objectVersion = 50;
	objects = {

/* Begin PBXBuildFile section */
		0239E1F421748AFE007C9F97 /* AppDelegate.swift in Sources */ = {isa = PBXBuildFile; fileRef = 0239E1F321748AFE007C9F97 /* AppDelegate.swift */; };
		0239E1F621748AFF007C9F97 /* Assets.xcassets in Resources */ = {isa = PBXBuildFile; fileRef = 0239E1F521748AFF007C9F97 /* Assets.xcassets */; };
		0239E20821748B14007C9F97 /* Cocoa.framework in Frameworks */ = {isa = PBXBuildFile; fileRef = 0239E20721748B14007C9F97 /* Cocoa.framework */; };
		0239E20B21748B14007C9F97 /* SafariExtensionHandler.swift in Sources */ = {isa = PBXBuildFile; fileRef = 0239E20A21748B14007C9F97 /* SafariExtensionHandler.swift */; };
		0239E21921748B14007C9F97 /* Duplicate Tab Button.appex in Embed App Extensions */ = {isa = PBXBuildFile; fileRef = 0239E20521748B14007C9F97 /* Duplicate Tab Button.appex */; settings = {ATTRIBUTES = (RemoveHeadersOnCopy, ); }; };
		0239E22021749F60007C9F97 /* ToolbarItemIcon.pdf in Resources */ = {isa = PBXBuildFile; fileRef = 0239E21F21749F60007C9F97 /* ToolbarItemIcon.pdf */; };
		027764492174D57C00E12C84 /* main.swift in Sources */ = {isa = PBXBuildFile; fileRef = 027764482174D57C00E12C84 /* main.swift */; };
		0277644F2174D85F00E12C84 /* SetupViewController.swift in Sources */ = {isa = PBXBuildFile; fileRef = 0277644E2174D85F00E12C84 /* SetupViewController.swift */; };
		027764512174DF6800E12C84 /* SetupPageController.swift in Sources */ = {isa = PBXBuildFile; fileRef = 027764502174DF6800E12C84 /* SetupPageController.swift */; };
		027764532175D6EF00E12C84 /* NSPageControl.swift in Sources */ = {isa = PBXBuildFile; fileRef = 027764522175D6EF00E12C84 /* NSPageControl.swift */; };
		027764552175F5E500E12C84 /* NSLabel.swift in Sources */ = {isa = PBXBuildFile; fileRef = 027764542175F5E500E12C84 /* NSLabel.swift */; };
		02C346302178D88000B74E62 /* SetupWindow.swift in Sources */ = {isa = PBXBuildFile; fileRef = 02C3462F2178D88000B74E62 /* SetupWindow.swift */; };
/* End PBXBuildFile section */

/* Begin PBXContainerItemProxy section */
		0239E21721748B14007C9F97 /* PBXContainerItemProxy */ = {
			isa = PBXContainerItemProxy;
			containerPortal = 0239E1E821748AFD007C9F97 /* Project object */;
			proxyType = 1;
			remoteGlobalIDString = 0239E20421748B14007C9F97;
			remoteInfo = "Duplicate Tab Button";
		};
/* End PBXContainerItemProxy section */

/* Begin PBXCopyFilesBuildPhase section */
		0239E21D21748B14007C9F97 /* Embed App Extensions */ = {
			isa = PBXCopyFilesBuildPhase;
			buildActionMask = 2147483647;
			dstPath = "";
			dstSubfolderSpec = 13;
			files = (
				0239E21921748B14007C9F97 /* Duplicate Tab Button.appex in Embed App Extensions */,
			);
			name = "Embed App Extensions";
			runOnlyForDeploymentPostprocessing = 0;
		};
/* End PBXCopyFilesBuildPhase section */

/* Begin PBXFileReference section */
		0239E1F021748AFE007C9F97 /* Duplicate Tab.app */ = {isa = PBXFileReference; explicitFileType = wrapper.application; includeInIndex = 0; path = "Duplicate Tab.app"; sourceTree = BUILT_PRODUCTS_DIR; };
		0239E1F321748AFE007C9F97 /* AppDelegate.swift */ = {isa = PBXFileReference; lastKnownFileType = sourcecode.swift; path = AppDelegate.swift; sourceTree = "<group>"; };
		0239E1F521748AFF007C9F97 /* Assets.xcassets */ = {isa = PBXFileReference; lastKnownFileType = folder.assetcatalog; path = Assets.xcassets; sourceTree = "<group>"; };
		0239E1FA21748AFF007C9F97 /* Info.plist */ = {isa = PBXFileReference; lastKnownFileType = text.plist.xml; path = Info.plist; sourceTree = "<group>"; };
		0239E1FB21748AFF007C9F97 /* Duplicate_Tab.entitlements */ = {isa = PBXFileReference; lastKnownFileType = text.plist.entitlements; path = Duplicate_Tab.entitlements; sourceTree = "<group>"; };
		0239E20521748B14007C9F97 /* Duplicate Tab Button.appex */ = {isa = PBXFileReference; explicitFileType = "wrapper.app-extension"; includeInIndex = 0; path = "Duplicate Tab Button.appex"; sourceTree = BUILT_PRODUCTS_DIR; };
		0239E20721748B14007C9F97 /* Cocoa.framework */ = {isa = PBXFileReference; lastKnownFileType = wrapper.framework; name = Cocoa.framework; path = System/Library/Frameworks/Cocoa.framework; sourceTree = SDKROOT; };
		0239E20A21748B14007C9F97 /* SafariExtensionHandler.swift */ = {isa = PBXFileReference; lastKnownFileType = sourcecode.swift; path = SafariExtensionHandler.swift; sourceTree = "<group>"; };
		0239E21121748B14007C9F97 /* Info.plist */ = {isa = PBXFileReference; lastKnownFileType = text.plist.xml; path = Info.plist; sourceTree = "<group>"; };
		0239E21621748B14007C9F97 /* Duplicate_Tab_Button.entitlements */ = {isa = PBXFileReference; lastKnownFileType = text.plist.entitlements; path = Duplicate_Tab_Button.entitlements; sourceTree = "<group>"; };
		0239E21F21749F60007C9F97 /* ToolbarItemIcon.pdf */ = {isa = PBXFileReference; lastKnownFileType = image.pdf; path = ToolbarItemIcon.pdf; sourceTree = "<group>"; };
		027764482174D57C00E12C84 /* main.swift */ = {isa = PBXFileReference; lastKnownFileType = sourcecode.swift; path = main.swift; sourceTree = "<group>"; };
		0277644E2174D85F00E12C84 /* SetupViewController.swift */ = {isa = PBXFileReference; lastKnownFileType = sourcecode.swift; path = SetupViewController.swift; sourceTree = "<group>"; };
		027764502174DF6800E12C84 /* SetupPageController.swift */ = {isa = PBXFileReference; lastKnownFileType = sourcecode.swift; path = SetupPageController.swift; sourceTree = "<group>"; };
		027764522175D6EF00E12C84 /* NSPageControl.swift */ = {isa = PBXFileReference; fileEncoding = 4; lastKnownFileType = sourcecode.swift; path = NSPageControl.swift; sourceTree = "<group>"; };
		027764542175F5E500E12C84 /* NSLabel.swift */ = {isa = PBXFileReference; fileEncoding = 4; lastKnownFileType = sourcecode.swift; path = NSLabel.swift; sourceTree = "<group>"; };
		02C3462F2178D88000B74E62 /* SetupWindow.swift */ = {isa = PBXFileReference; lastKnownFileType = sourcecode.swift; path = SetupWindow.swift; sourceTree = "<group>"; };
/* End PBXFileReference section */

/* Begin PBXFrameworksBuildPhase section */
		0239E1ED21748AFE007C9F97 /* Frameworks */ = {
			isa = PBXFrameworksBuildPhase;
			buildActionMask = 2147483647;
			files = (
			);
			runOnlyForDeploymentPostprocessing = 0;
		};
		0239E20221748B14007C9F97 /* Frameworks */ = {
			isa = PBXFrameworksBuildPhase;
			buildActionMask = 2147483647;
			files = (
				0239E20821748B14007C9F97 /* Cocoa.framework in Frameworks */,
			);
			runOnlyForDeploymentPostprocessing = 0;
		};
/* End PBXFrameworksBuildPhase section */

/* Begin PBXGroup section */
		0217E336217766730008D0D0 /* Utility Classes */ = {
			isa = PBXGroup;
			children = (
				027764542175F5E500E12C84 /* NSLabel.swift */,
				027764522175D6EF00E12C84 /* NSPageControl.swift */,
			);
			path = "Utility Classes";
			sourceTree = "<group>";
		};
		0239E1E721748AFD007C9F97 = {
			isa = PBXGroup;
			children = (
				0239E1F221748AFE007C9F97 /* Duplicate Tab */,
				0239E20921748B14007C9F97 /* Duplicate Tab Button */,
				0239E20621748B14007C9F97 /* Frameworks */,
				0239E1F121748AFE007C9F97 /* Products */,
			);
			sourceTree = "<group>";
		};
		0239E1F121748AFE007C9F97 /* Products */ = {
			isa = PBXGroup;
			children = (
				0239E1F021748AFE007C9F97 /* Duplicate Tab.app */,
				0239E20521748B14007C9F97 /* Duplicate Tab Button.appex */,
			);
			name = Products;
			sourceTree = "<group>";
		};
		0239E1F221748AFE007C9F97 /* Duplicate Tab */ = {
			isa = PBXGroup;
			children = (
				0239E1F321748AFE007C9F97 /* AppDelegate.swift */,
				02C3462F2178D88000B74E62 /* SetupWindow.swift */,
				027764502174DF6800E12C84 /* SetupPageController.swift */,
				0277644E2174D85F00E12C84 /* SetupViewController.swift */,
				027764482174D57C00E12C84 /* main.swift */,
				0217E336217766730008D0D0 /* Utility Classes */,
				0239E1F521748AFF007C9F97 /* Assets.xcassets */,
				0239E1FA21748AFF007C9F97 /* Info.plist */,
				0239E1FB21748AFF007C9F97 /* Duplicate_Tab.entitlements */,
			);
			path = "Duplicate Tab";
			sourceTree = "<group>";
		};
		0239E20621748B14007C9F97 /* Frameworks */ = {
			isa = PBXGroup;
			children = (
				0239E20721748B14007C9F97 /* Cocoa.framework */,
			);
			name = Frameworks;
			sourceTree = "<group>";
		};
		0239E20921748B14007C9F97 /* Duplicate Tab Button */ = {
			isa = PBXGroup;
			children = (
				0239E20A21748B14007C9F97 /* SafariExtensionHandler.swift */,
				0239E21121748B14007C9F97 /* Info.plist */,
				0239E21F21749F60007C9F97 /* ToolbarItemIcon.pdf */,
				0239E21621748B14007C9F97 /* Duplicate_Tab_Button.entitlements */,
			);
			path = "Duplicate Tab Button";
			sourceTree = "<group>";
		};
/* End PBXGroup section */

/* Begin PBXNativeTarget section */
		0239E1EF21748AFE007C9F97 /* Duplicate Tab */ = {
			isa = PBXNativeTarget;
			buildConfigurationList = 0239E1FE21748AFF007C9F97 /* Build configuration list for PBXNativeTarget "Duplicate Tab" */;
			buildPhases = (
				0239E1EC21748AFE007C9F97 /* Sources */,
				0239E1ED21748AFE007C9F97 /* Frameworks */,
				0239E1EE21748AFE007C9F97 /* Resources */,
				0239E21D21748B14007C9F97 /* Embed App Extensions */,
				02996DF222F251D400EA59AD /* Set Build Number */,
			);
			buildRules = (
			);
			dependencies = (
				0239E21821748B14007C9F97 /* PBXTargetDependency */,
			);
			name = "Duplicate Tab";
			productName = "Duplicate Tab";
			productReference = 0239E1F021748AFE007C9F97 /* Duplicate Tab.app */;
			productType = "com.apple.product-type.application";
		};
		0239E20421748B14007C9F97 /* Duplicate Tab Button */ = {
			isa = PBXNativeTarget;
			buildConfigurationList = 0239E21A21748B14007C9F97 /* Build configuration list for PBXNativeTarget "Duplicate Tab Button" */;
			buildPhases = (
				0239E20121748B14007C9F97 /* Sources */,
				0239E20221748B14007C9F97 /* Frameworks */,
				0239E20321748B14007C9F97 /* Resources */,
				02996DF422F25D4700EA59AD /* Set Build Number */,
			);
			buildRules = (
			);
			dependencies = (
			);
			name = "Duplicate Tab Button";
			productName = "Duplicate Tab Button";
			productReference = 0239E20521748B14007C9F97 /* Duplicate Tab Button.appex */;
			productType = "com.apple.product-type.app-extension";
		};
/* End PBXNativeTarget section */

/* Begin PBXProject section */
		0239E1E821748AFD007C9F97 /* Project object */ = {
			isa = PBXProject;
			attributes = {
				LastSwiftUpdateCheck = 1000;
				LastUpgradeCheck = 1000;
				ORGANIZATIONNAME = "Payson Wallach";
				TargetAttributes = {
					0239E1EF21748AFE007C9F97 = {
						CreatedOnToolsVersion = 10.0;
						SystemCapabilities = {
							com.apple.HardenedRuntime = {
								enabled = 1;
							};
						};
					};
					0239E20421748B14007C9F97 = {
						CreatedOnToolsVersion = 10.0;
					};
				};
			};
			buildConfigurationList = 0239E1EB21748AFD007C9F97 /* Build configuration list for PBXProject "Duplicate Tab" */;
			compatibilityVersion = "Xcode 9.3";
			developmentRegion = en;
			hasScannedForEncodings = 0;
			knownRegions = (
				en,
				Base,
			);
			mainGroup = 0239E1E721748AFD007C9F97;
			productRefGroup = 0239E1F121748AFE007C9F97 /* Products */;
			projectDirPath = "";
			projectRoot = "";
			targets = (
				0239E1EF21748AFE007C9F97 /* Duplicate Tab */,
				0239E20421748B14007C9F97 /* Duplicate Tab Button */,
			);
		};
/* End PBXProject section */

/* Begin PBXResourcesBuildPhase section */
		0239E1EE21748AFE007C9F97 /* Resources */ = {
			isa = PBXResourcesBuildPhase;
			buildActionMask = 2147483647;
			files = (
				0239E1F621748AFF007C9F97 /* Assets.xcassets in Resources */,
			);
			runOnlyForDeploymentPostprocessing = 0;
		};
		0239E20321748B14007C9F97 /* Resources */ = {
			isa = PBXResourcesBuildPhase;
			buildActionMask = 2147483647;
			files = (
				0239E22021749F60007C9F97 /* ToolbarItemIcon.pdf in Resources */,
			);
			runOnlyForDeploymentPostprocessing = 0;
		};
/* End PBXResourcesBuildPhase section */

/* Begin PBXShellScriptBuildPhase section */
		02996DF222F251D400EA59AD /* Set Build Number */ = {
			isa = PBXShellScriptBuildPhase;
			buildActionMask = 2147483647;
			files = (
			);
			inputFileListPaths = (
			);
			inputPaths = (
			);
			name = "Set Build Number";
			outputFileListPaths = (
			);
			outputPaths = (
			);
			runOnlyForDeploymentPostprocessing = 0;
			shellPath = /bin/sh;
			shellScript = "git=`sh /etc/profile; which git`\nappBuild=`\"$git\" rev-list HEAD --count`\nif [ $CONFIGURATION = \"Debug\" ]; then\nbranchName=`\"$git\" rev-parse --abbrev-ref HEAD`\n/usr/libexec/PlistBuddy -c \"Set :CFBundleVersion $appBuild-$branchName\" \"${TARGET_BUILD_DIR}/${INFOPLIST_PATH}\"\n/usr/libexec/PlistBuddy -c \"Set :CFBundleVersion $appBuild-$branchName\" \"${BUILT_PRODUCTS_DIR}/${WRAPPER_NAME}.dSYM/Contents/Info.plist\"\nelse\n/usr/libexec/PlistBuddy -c \"Set :CFBundleVersion $appBuild\" \"${TARGET_BUILD_DIR}/${INFOPLIST_PATH}\"\n/usr/libexec/PlistBuddy -c \"Set :CFBundleVersion $appBuild\" \"${BUILT_PRODUCTS_DIR}/${WRAPPER_NAME}.dSYM/Contents/Info.plist\"\nfi\necho \"Incremented the build number ${TARGET_BUILD_DIR}/${INFOPLIST_PATH}\"\n";
		};
		02996DF422F25D4700EA59AD /* Set Build Number */ = {
			isa = PBXShellScriptBuildPhase;
			buildActionMask = 2147483647;
			files = (
			);
			inputFileListPaths = (
			);
			inputPaths = (
			);
			name = "Set Build Number";
			outputFileListPaths = (
			);
			outputPaths = (
			);
			runOnlyForDeploymentPostprocessing = 0;
			shellPath = /bin/sh;
			shellScript = "git=`sh /etc/profile; which git`\nappBuild=`\"$git\" rev-list HEAD --count`\nif [ $CONFIGURATION = \"Debug\" ]; then\nbranchName=`\"$git\" rev-parse --abbrev-ref HEAD`\n/usr/libexec/PlistBuddy -c \"Set :CFBundleVersion $appBuild-$branchName\" \"${TARGET_BUILD_DIR}/${INFOPLIST_PATH}\"\n/usr/libexec/PlistBuddy -c \"Set :CFBundleVersion $appBuild-$branchName\" \"${BUILT_PRODUCTS_DIR}/${WRAPPER_NAME}.dSYM/Contents/Info.plist\"\nelse\n/usr/libexec/PlistBuddy -c \"Set :CFBundleVersion $appBuild\" \"${TARGET_BUILD_DIR}/${INFOPLIST_PATH}\"\n/usr/libexec/PlistBuddy -c \"Set :CFBundleVersion $appBuild\" \"${BUILT_PRODUCTS_DIR}/${WRAPPER_NAME}.dSYM/Contents/Info.plist\"\nfi\necho \"Incremented the build number ${TARGET_BUILD_DIR}/${INFOPLIST_PATH}\"\n";
		};
/* End PBXShellScriptBuildPhase section */

/* Begin PBXSourcesBuildPhase section */
		0239E1EC21748AFE007C9F97 /* Sources */ = {
			isa = PBXSourcesBuildPhase;
			buildActionMask = 2147483647;
			files = (
				027764552175F5E500E12C84 /* NSLabel.swift in Sources */,
				027764512174DF6800E12C84 /* SetupPageController.swift in Sources */,
				0277644F2174D85F00E12C84 /* SetupViewController.swift in Sources */,
				027764492174D57C00E12C84 /* main.swift in Sources */,
				02C346302178D88000B74E62 /* SetupWindow.swift in Sources */,
				027764532175D6EF00E12C84 /* NSPageControl.swift in Sources */,
				0239E1F421748AFE007C9F97 /* AppDelegate.swift in Sources */,
			);
			runOnlyForDeploymentPostprocessing = 0;
		};
		0239E20121748B14007C9F97 /* Sources */ = {
			isa = PBXSourcesBuildPhase;
			buildActionMask = 2147483647;
			files = (
				0239E20B21748B14007C9F97 /* SafariExtensionHandler.swift in Sources */,
			);
			runOnlyForDeploymentPostprocessing = 0;
		};
/* End PBXSourcesBuildPhase section */

/* Begin PBXTargetDependency section */
		0239E21821748B14007C9F97 /* PBXTargetDependency */ = {
			isa = PBXTargetDependency;
			target = 0239E20421748B14007C9F97 /* Duplicate Tab Button */;
			targetProxy = 0239E21721748B14007C9F97 /* PBXContainerItemProxy */;
		};
/* End PBXTargetDependency section */

/* Begin XCBuildConfiguration section */
		0239E1FC21748AFF007C9F97 /* Debug */ = {
			isa = XCBuildConfiguration;
			buildSettings = {
				ALWAYS_SEARCH_USER_PATHS = NO;
				CLANG_ANALYZER_NONNULL = YES;
				CLANG_ANALYZER_NUMBER_OBJECT_CONVERSION = YES_AGGRESSIVE;
				CLANG_CXX_LANGUAGE_STANDARD = "gnu++14";
				CLANG_CXX_LIBRARY = "libc++";
				CLANG_ENABLE_MODULES = YES;
				CLANG_ENABLE_OBJC_ARC = YES;
				CLANG_ENABLE_OBJC_WEAK = YES;
				CLANG_WARN_BLOCK_CAPTURE_AUTORELEASING = YES;
				CLANG_WARN_BOOL_CONVERSION = YES;
				CLANG_WARN_COMMA = YES;
				CLANG_WARN_CONSTANT_CONVERSION = YES;
				CLANG_WARN_DEPRECATED_OBJC_IMPLEMENTATIONS = YES;
				CLANG_WARN_DIRECT_OBJC_ISA_USAGE = YES_ERROR;
				CLANG_WARN_DOCUMENTATION_COMMENTS = YES;
				CLANG_WARN_EMPTY_BODY = YES;
				CLANG_WARN_ENUM_CONVERSION = YES;
				CLANG_WARN_INFINITE_RECURSION = YES;
				CLANG_WARN_INT_CONVERSION = YES;
				CLANG_WARN_NON_LITERAL_NULL_CONVERSION = YES;
				CLANG_WARN_OBJC_IMPLICIT_RETAIN_SELF = YES;
				CLANG_WARN_OBJC_LITERAL_CONVERSION = YES;
				CLANG_WARN_OBJC_ROOT_CLASS = YES_ERROR;
				CLANG_WARN_RANGE_LOOP_ANALYSIS = YES;
				CLANG_WARN_STRICT_PROTOTYPES = YES;
				CLANG_WARN_SUSPICIOUS_MOVE = YES;
				CLANG_WARN_UNGUARDED_AVAILABILITY = YES_AGGRESSIVE;
				CLANG_WARN_UNREACHABLE_CODE = YES;
				CLANG_WARN__DUPLICATE_METHOD_MATCH = YES;
				CODE_SIGN_IDENTITY = "Mac Developer";
				COPY_PHASE_STRIP = NO;
				DEBUG_INFORMATION_FORMAT = dwarf;
				ENABLE_STRICT_OBJC_MSGSEND = YES;
				ENABLE_TESTABILITY = YES;
				GCC_C_LANGUAGE_STANDARD = gnu11;
				GCC_DYNAMIC_NO_PIC = NO;
				GCC_NO_COMMON_BLOCKS = YES;
				GCC_OPTIMIZATION_LEVEL = 0;
				GCC_PREPROCESSOR_DEFINITIONS = (
					"DEBUG=1",
					"$(inherited)",
				);
				GCC_WARN_64_TO_32_BIT_CONVERSION = YES;
				GCC_WARN_ABOUT_RETURN_TYPE = YES_ERROR;
				GCC_WARN_UNDECLARED_SELECTOR = YES;
				GCC_WARN_UNINITIALIZED_AUTOS = YES_AGGRESSIVE;
				GCC_WARN_UNUSED_FUNCTION = YES;
				GCC_WARN_UNUSED_VARIABLE = YES;
				MACOSX_DEPLOYMENT_TARGET = 10.12;
				MTL_ENABLE_DEBUG_INFO = INCLUDE_SOURCE;
				MTL_FAST_MATH = YES;
				ONLY_ACTIVE_ARCH = YES;
				SDKROOT = macosx;
				SWIFT_ACTIVE_COMPILATION_CONDITIONS = DEBUG;
				SWIFT_OPTIMIZATION_LEVEL = "-Onone";
			};
			name = Debug;
		};
		0239E1FD21748AFF007C9F97 /* Release */ = {
			isa = XCBuildConfiguration;
			buildSettings = {
				ALWAYS_SEARCH_USER_PATHS = NO;
				CLANG_ANALYZER_NONNULL = YES;
				CLANG_ANALYZER_NUMBER_OBJECT_CONVERSION = YES_AGGRESSIVE;
				CLANG_CXX_LANGUAGE_STANDARD = "gnu++14";
				CLANG_CXX_LIBRARY = "libc++";
				CLANG_ENABLE_MODULES = YES;
				CLANG_ENABLE_OBJC_ARC = YES;
				CLANG_ENABLE_OBJC_WEAK = YES;
				CLANG_WARN_BLOCK_CAPTURE_AUTORELEASING = YES;
				CLANG_WARN_BOOL_CONVERSION = YES;
				CLANG_WARN_COMMA = YES;
				CLANG_WARN_CONSTANT_CONVERSION = YES;
				CLANG_WARN_DEPRECATED_OBJC_IMPLEMENTATIONS = YES;
				CLANG_WARN_DIRECT_OBJC_ISA_USAGE = YES_ERROR;
				CLANG_WARN_DOCUMENTATION_COMMENTS = YES;
				CLANG_WARN_EMPTY_BODY = YES;
				CLANG_WARN_ENUM_CONVERSION = YES;
				CLANG_WARN_INFINITE_RECURSION = YES;
				CLANG_WARN_INT_CONVERSION = YES;
				CLANG_WARN_NON_LITERAL_NULL_CONVERSION = YES;
				CLANG_WARN_OBJC_IMPLICIT_RETAIN_SELF = YES;
				CLANG_WARN_OBJC_LITERAL_CONVERSION = YES;
				CLANG_WARN_OBJC_ROOT_CLASS = YES_ERROR;
				CLANG_WARN_RANGE_LOOP_ANALYSIS = YES;
				CLANG_WARN_STRICT_PROTOTYPES = YES;
				CLANG_WARN_SUSPICIOUS_MOVE = YES;
				CLANG_WARN_UNGUARDED_AVAILABILITY = YES_AGGRESSIVE;
				CLANG_WARN_UNREACHABLE_CODE = YES;
				CLANG_WARN__DUPLICATE_METHOD_MATCH = YES;
				CODE_SIGN_IDENTITY = "Mac Developer";
				COPY_PHASE_STRIP = NO;
				DEBUG_INFORMATION_FORMAT = "dwarf-with-dsym";
				ENABLE_NS_ASSERTIONS = NO;
				ENABLE_STRICT_OBJC_MSGSEND = YES;
				GCC_C_LANGUAGE_STANDARD = gnu11;
				GCC_NO_COMMON_BLOCKS = YES;
				GCC_WARN_64_TO_32_BIT_CONVERSION = YES;
				GCC_WARN_ABOUT_RETURN_TYPE = YES_ERROR;
				GCC_WARN_UNDECLARED_SELECTOR = YES;
				GCC_WARN_UNINITIALIZED_AUTOS = YES_AGGRESSIVE;
				GCC_WARN_UNUSED_FUNCTION = YES;
				GCC_WARN_UNUSED_VARIABLE = YES;
				MACOSX_DEPLOYMENT_TARGET = 10.12;
				MTL_ENABLE_DEBUG_INFO = NO;
				MTL_FAST_MATH = YES;
				SDKROOT = macosx;
				SWIFT_COMPILATION_MODE = wholemodule;
				SWIFT_OPTIMIZATION_LEVEL = "-O";
			};
			name = Release;
		};
		0239E1FF21748AFF007C9F97 /* Debug */ = {
			isa = XCBuildConfiguration;
			buildSettings = {
				ALWAYS_EMBED_SWIFT_STANDARD_LIBRARIES = YES;
				ASSETCATALOG_COMPILER_APPICON_NAME = AppIcon;
				CODE_SIGN_ENTITLEMENTS = "Duplicate Tab/Duplicate_Tab.entitlements";
				CODE_SIGN_STYLE = Automatic;
				COMBINE_HIDPI_IMAGES = YES;
				DEVELOPMENT_TEAM = GQRYYNPEU3;
				ENABLE_HARDENED_RUNTIME = YES;
				INFOPLIST_FILE = "Duplicate Tab/Info.plist";
				PRODUCT_BUNDLE_IDENTIFIER = "com.paysonwallach.Duplicate-Tab";
				PRODUCT_NAME = "$(TARGET_NAME)";
				SWIFT_VERSION = 4.2;
			};
			name = Debug;
		};
		0239E20021748AFF007C9F97 /* Release */ = {
			isa = XCBuildConfiguration;
			buildSettings = {
				ALWAYS_EMBED_SWIFT_STANDARD_LIBRARIES = YES;
				ASSETCATALOG_COMPILER_APPICON_NAME = AppIcon;
				CODE_SIGN_ENTITLEMENTS = "Duplicate Tab/Duplicate_Tab.entitlements";
				CODE_SIGN_STYLE = Automatic;
				COMBINE_HIDPI_IMAGES = YES;
				DEVELOPMENT_TEAM = GQRYYNPEU3;
				ENABLE_HARDENED_RUNTIME = YES;
				INFOPLIST_FILE = "Duplicate Tab/Info.plist";
				PRODUCT_BUNDLE_IDENTIFIER = "com.paysonwallach.Duplicate-Tab";
				PRODUCT_NAME = "$(TARGET_NAME)";
				SWIFT_VERSION = 4.2;
			};
			name = Release;
		};
		0239E21B21748B14007C9F97 /* Debug */ = {
			isa = XCBuildConfiguration;
			buildSettings = {
				CODE_SIGN_ENTITLEMENTS = "Duplicate Tab Button/Duplicate_Tab_Button.entitlements";
				CODE_SIGN_STYLE = Automatic;
				DEVELOPMENT_TEAM = GQRYYNPEU3;
				INFOPLIST_FILE = "Duplicate Tab Button/Info.plist";
				LD_RUNPATH_SEARCH_PATHS = (
					"$(inherited)",
					"@executable_path/../Frameworks",
					"@executable_path/../../../../Frameworks",
				);
				PRODUCT_BUNDLE_IDENTIFIER = "com.paysonwallach.Duplicate-Tab.Duplicate-Tab-Button";
				PRODUCT_NAME = "$(TARGET_NAME)";
				SKIP_INSTALL = YES;
				SWIFT_VERSION = 4.2;
			};
			name = Debug;
		};
		0239E21C21748B14007C9F97 /* Release */ = {
			isa = XCBuildConfiguration;
			buildSettings = {
				CODE_SIGN_ENTITLEMENTS = "Duplicate Tab Button/Duplicate_Tab_Button.entitlements";
				CODE_SIGN_STYLE = Automatic;
				DEVELOPMENT_TEAM = GQRYYNPEU3;
				INFOPLIST_FILE = "Duplicate Tab Button/Info.plist";
				LD_RUNPATH_SEARCH_PATHS = (
					"$(inherited)",
					"@executable_path/../Frameworks",
					"@executable_path/../../../../Frameworks",
				);
				PRODUCT_BUNDLE_IDENTIFIER = "com.paysonwallach.Duplicate-Tab.Duplicate-Tab-Button";
				PRODUCT_NAME = "$(TARGET_NAME)";
				SKIP_INSTALL = YES;
				SWIFT_VERSION = 4.2;
			};
			name = Release;
		};
/* End XCBuildConfiguration section */

/* Begin XCConfigurationList section */
		0239E1EB21748AFD007C9F97 /* Build configuration list for PBXProject "Duplicate Tab" */ = {
			isa = XCConfigurationList;
			buildConfigurations = (
				0239E1FC21748AFF007C9F97 /* Debug */,
				0239E1FD21748AFF007C9F97 /* Release */,
			);
			defaultConfigurationIsVisible = 0;
			defaultConfigurationName = Release;
		};
		0239E1FE21748AFF007C9F97 /* Build configuration list for PBXNativeTarget "Duplicate Tab" */ = {
			isa = XCConfigurationList;
			buildConfigurations = (
				0239E1FF21748AFF007C9F97 /* Debug */,
				0239E20021748AFF007C9F97 /* Release */,
			);
			defaultConfigurationIsVisible = 0;
			defaultConfigurationName = Release;
		};
		0239E21A21748B14007C9F97 /* Build configuration list for PBXNativeTarget "Duplicate Tab Button" */ = {
			isa = XCConfigurationList;
			buildConfigurations = (
				0239E21B21748B14007C9F97 /* Debug */,
				0239E21C21748B14007C9F97 /* Release */,
			);
			defaultConfigurationIsVisible = 0;
			defaultConfigurationName = Release;
		};
/* End XCConfigurationList section */
	};
	rootObject = 0239E1E821748AFD007C9F97 /* Project object */;
}
